{
  "version": 4,
  "terraform_version": "1.13.4",
  "serial": 11,
  "lineage": "ea167127-4e28-5e23-2816-e7923e2b63ad",
  "outputs": {
    "group_info": {
      "value": {
        "id": 1,
        "inventory_id": 3,
        "name": "tf_group",
        "url": "/api/v2/groups/1/"
      },
      "type": [
        "object",
        {
          "id": "number",
          "inventory_id": "number",
          "name": "string",
          "url": "string"
        }
      ]
    },
    "host_info": {
      "value": {
        "enabled": true,
        "id": 4,
        "inventory_id": 3,
        "name": "tf_host",
        "url": "/api/v2/hosts/4/"
      },
      "type": [
        "object",
        {
          "enabled": "bool",
          "id": "number",
          "inventory_id": "number",
          "name": "string",
          "url": "string"
        }
      ]
    },
    "inventory_info": {
      "value": {
        "id": 3,
        "name": "My new inventory",
        "organization": 1,
        "url": "/api/v2/inventories/3/"
      },
      "type": [
        "object",
        {
          "id": "number",
          "name": "string",
          "organization": "number",
          "url": "string"
        }
      ]
    },
    "topology": {
      "value": {
        "group": {
          "api_path": "/api/v2/groups/1/",
          "full_url": "https://itzvsi-aap-prwdlun.techzone.ibm.com/api/v2/groups/1/",
          "id": 1,
          "inventory_id": 3,
          "name": "tf_group"
        },
        "host": {
          "api_path": "/api/v2/hosts/4/",
          "enabled": true,
          "full_url": "https://itzvsi-aap-prwdlun.techzone.ibm.com/api/v2/hosts/4/",
          "id": 4,
          "inventory_id": 3,
          "name": "tf_host"
        },
        "inventory": {
          "api_path": "/api/v2/inventories/3/",
          "full_url": "https://itzvsi-aap-prwdlun.techzone.ibm.com/api/v2/inventories/3/",
          "id": 3,
          "name": "My new inventory"
        }
      },
      "type": [
        "object",
        {
          "group": [
            "object",
            {
              "api_path": "string",
              "full_url": "string",
              "id": "number",
              "inventory_id": "number",
              "name": "string"
            }
          ],
          "host": [
            "object",
            {
              "api_path": "string",
              "enabled": "bool",
              "full_url": "string",
              "id": "number",
              "inventory_id": "number",
              "name": "string"
            }
          ],
          "inventory": [
            "object",
            {
              "api_path": "string",
              "full_url": "string",
              "id": "number",
              "name": "string"
            }
          ]
        }
      ]
    }
  },
  "resources": [
    {
      "mode": "managed",
      "type": "aap_group",
      "name": "my_group",
      "provider": "provider[\"registry.terraform.io/ansible/aap\"]",
      "instances": [
        {
          "schema_version": 0,
          "attributes": {
            "description": null,
            "id": 1,
            "inventory_id": 3,
            "name": "tf_group",
            "url": "/api/v2/groups/1/",
            "variables": "{\"foo\":\"bar\"}"
          },
          "sensitive_attributes": [],
          "identity_schema_version": 0,
          "dependencies": [
            "aap_inventory.my_inventory"
          ]
        }
      ]
    },
    {
      "mode": "managed",
      "type": "aap_host",
      "name": "my_host",
      "provider": "provider[\"registry.terraform.io/ansible/aap\"]",
      "instances": [
        {
          "schema_version": 0,
          "attributes": {
            "description": null,
            "enabled": true,
            "groups": [
              1
            ],
            "id": 4,
            "inventory_id": 3,
            "name": "tf_host",
            "url": "/api/v2/hosts/4/",
            "variables": "{\"foo\":\"bar\"}"
          },
          "sensitive_attributes": [],
          "identity_schema_version": 0,
          "dependencies": [
            "aap_group.my_group",
            "aap_inventory.my_inventory"
          ]
        }
      ]
    },
    {
      "mode": "managed",
      "type": "aap_inventory",
      "name": "my_inventory",
      "provider": "provider[\"registry.terraform.io/ansible/aap\"]",
      "instances": [
        {
          "schema_version": 0,
          "attributes": {
            "description": "A new inventory for testing",
            "id": 3,
            "name": "My new inventory",
            "named_url": "/api/v2/inventories/My new inventory++Default/",
            "organization": 1,
            "organization_name": "Default",
            "url": "/api/v2/inventories/3/",
            "variables": "{\"foo\":\"bar\"}"
          },
          "sensitive_attributes": [],
          "identity_schema_version": 0
        }
      ]
    },
    {
      "mode": "managed",
      "type": "aap_job",
      "name": "zos_ping",
      "provider": "provider[\"registry.terraform.io/ansible/aap\"]",
      "instances": [
        {
          "schema_version": 0,
          "attributes": {
            "extra_vars": null,
            "ignored_fields": null,
            "inventory_id": 2,
            "job_template_id": 11,
            "job_type": "run",
            "status": "successful",
            "triggers": null,
            "url": "/api/v2/jobs/9/",
            "wait_for_completion": true,
            "wait_for_completion_timeout_seconds": 300
          },
          "sensitive_attributes": [],
          "identity_schema_version": 0,
          "dependencies": [
            "aap_group.my_group",
            "aap_host.my_host",
            "aap_inventory.my_inventory"
          ]
        }
      ]
    }
  ],
  "check_results": null
}
